
Microsoft Visual Studio Solution File, Format Version 12.00
# Visual Studio Version 16
VisualStudioVersion = 16.0.28803.452
MinimumVisualStudioVersion = 10.0.40219.1
Project("{FAE04EC0-301F-11D3-BF4B-00C04F79EFBC}") = "ServerConsole", "ServerConsole\ServerConsole.csproj", "{384CDC71-BEA7-45C8-A058-1E72CC05EEAA}"
EndProject
Global
	GlobalSection(SolutionConfigurationPlatforms) = preSolution
		Debug|Any CPU = Debug|Any CPU
		Release|Any CPU = Release|Any CPU
	EndGlobalSection
	GlobalSection(ProjectConfigurationPlatforms) = postSolution
		{384CDC71-BEA7-45C8-A058-1E72CC05EEAA}.Debug|Any CPU.ActiveCfg = Debug|Any CPU
		{384CDC71-BEA7-45C8-A058-1E72CC05EEAA}.Debug|Any CPU.Build.0 = Debug|Any CPU
		{384CDC71-BEA7-45C8-A058-1E72CC05EEAA}.Release|Any CPU.ActiveCfg = Release|Any CPU
		{384CDC71-BEA7-45C8-A058-1E72CC05EEAA}.Release|Any CPU.Build.0 = Release|Any CPU
	EndGlobalSection
	GlobalSection(SolutionProperties) = preSolution
		HideSolutionNode = FALSE
	EndGlobalSection
	GlobalSection(ExtensibilityGlobals) = postSolution
		SolutionGuid = {38EA8C6B-3601-49C3-B7F3-2FEAFB425F3F}
	EndGlobalSection
EndGlobal
