
Microsoft Visual Studio Solution File, Format Version 12.00
# Visual Studio Version 16
VisualStudioVersion = 16.0.28922.388
MinimumVisualStudioVersion = 10.0.40219.1
Project("{FAE04EC0-301F-11D3-BF4B-00C04F79EFBC}") = "LoginUI", "ThreeTier\LoginUI.csproj", "{CF08FF51-8822-460A-9610-2F99D207BF96}"
EndProject
Project("{FAE04EC0-301F-11D3-BF4B-00C04F79EFBC}") = "Model", "Model\Model.csproj", "{CD2C7052-1F7B-4260-BFC2-EFFCC5000F0D}"
EndProject
Project("{FAE04EC0-301F-11D3-BF4B-00C04F79EFBC}") = "DAL", "DAL\DAL.csproj", "{D73204C5-F014-4303-92C2-478E2870D86C}"
EndProject
Project("{FAE04EC0-301F-11D3-BF4B-00C04F79EFBC}") = "BLL", "BLL\BLL.csproj", "{CF42AF16-8792-4F7C-AA04-297ECEFF926C}"
EndProject
Project("{FAE04EC0-301F-11D3-BF4B-00C04F79EFBC}") = "Common", "Common\Common.csproj", "{4D3C0930-17BB-4189-9C4A-056FF3C8BEA0}"
EndProject
Global
	GlobalSection(SolutionConfigurationPlatforms) = preSolution
		Debug|Any CPU = Debug|Any CPU
		Release|Any CPU = Release|Any CPU
	EndGlobalSection
	GlobalSection(ProjectConfigurationPlatforms) = postSolution
		{CF08FF51-8822-460A-9610-2F99D207BF96}.Debug|Any CPU.ActiveCfg = Debug|Any CPU
		{CF08FF51-8822-460A-9610-2F99D207BF96}.Debug|Any CPU.Build.0 = Debug|Any CPU
		{CF08FF51-8822-460A-9610-2F99D207BF96}.Release|Any CPU.ActiveCfg = Release|Any CPU
		{CF08FF51-8822-460A-9610-2F99D207BF96}.Release|Any CPU.Build.0 = Release|Any CPU
		{CD2C7052-1F7B-4260-BFC2-EFFCC5000F0D}.Debug|Any CPU.ActiveCfg = Debug|Any CPU
		{CD2C7052-1F7B-4260-BFC2-EFFCC5000F0D}.Debug|Any CPU.Build.0 = Debug|Any CPU
		{CD2C7052-1F7B-4260-BFC2-EFFCC5000F0D}.Release|Any CPU.ActiveCfg = Release|Any CPU
		{CD2C7052-1F7B-4260-BFC2-EFFCC5000F0D}.Release|Any CPU.Build.0 = Release|Any CPU
		{D73204C5-F014-4303-92C2-478E2870D86C}.Debug|Any CPU.ActiveCfg = Debug|Any CPU
		{D73204C5-F014-4303-92C2-478E2870D86C}.Debug|Any CPU.Build.0 = Debug|Any CPU
		{D73204C5-F014-4303-92C2-478E2870D86C}.Release|Any CPU.ActiveCfg = Release|Any CPU
		{D73204C5-F014-4303-92C2-478E2870D86C}.Release|Any CPU.Build.0 = Release|Any CPU
		{CF42AF16-8792-4F7C-AA04-297ECEFF926C}.Debug|Any CPU.ActiveCfg = Debug|Any CPU
		{CF42AF16-8792-4F7C-AA04-297ECEFF926C}.Debug|Any CPU.Build.0 = Debug|Any CPU
		{CF42AF16-8792-4F7C-AA04-297ECEFF926C}.Release|Any CPU.ActiveCfg = Release|Any CPU
		{CF42AF16-8792-4F7C-AA04-297ECEFF926C}.Release|Any CPU.Build.0 = Release|Any CPU
		{4D3C0930-17BB-4189-9C4A-056FF3C8BEA0}.Debug|Any CPU.ActiveCfg = Debug|Any CPU
		{4D3C0930-17BB-4189-9C4A-056FF3C8BEA0}.Debug|Any CPU.Build.0 = Debug|Any CPU
		{4D3C0930-17BB-4189-9C4A-056FF3C8BEA0}.Release|Any CPU.ActiveCfg = Release|Any CPU
		{4D3C0930-17BB-4189-9C4A-056FF3C8BEA0}.Release|Any CPU.Build.0 = Release|Any CPU
	EndGlobalSection
	GlobalSection(SolutionProperties) = preSolution
		HideSolutionNode = FALSE
	EndGlobalSection
	GlobalSection(ExtensibilityGlobals) = postSolution
		SolutionGuid = {EE61B706-BCA8-4CD4-BDE2-A799E14B0E63}
	EndGlobalSection
EndGlobal
